
Microsoft Visual Studio Solution File, Format Version 12.00
# Visual Studio Version 17
VisualStudioVersion = 17.5.33627.172
MinimumVisualStudioVersion = 10.0.40219.1
Project("{FAE04EC0-301F-11D3-BF4B-00C04F79EFBC}") = "UrlShortener.MVC", "UrlShortener.MVC.csproj", "{AF3C4715-54CB-4A16-8AE1-D187AD9A8E7E}"
EndProject
Project("{FAE04EC0-301F-11D3-BF4B-00C04F79EFBC}") = "UrlShortener.DAL", "..\UrlShortener.DAL\UrlShortener.DAL.csproj", "{37A1A378-760C-44BC-B03A-DF83A02D6B0A}"
EndProject
Global
	GlobalSection(SolutionConfigurationPlatforms) = preSolution
		Debug|Any CPU = Debug|Any CPU
		Release|Any CPU = Release|Any CPU
	EndGlobalSection
	GlobalSection(ProjectConfigurationPlatforms) = postSolution
		{AF3C4715-54CB-4A16-8AE1-D187AD9A8E7E}.Debug|Any CPU.ActiveCfg = Debug|Any CPU
		{AF3C4715-54CB-4A16-8AE1-D187AD9A8E7E}.Debug|Any CPU.Build.0 = Debug|Any CPU
		{AF3C4715-54CB-4A16-8AE1-D187AD9A8E7E}.Release|Any CPU.ActiveCfg = Release|Any CPU
		{AF3C4715-54CB-4A16-8AE1-D187AD9A8E7E}.Release|Any CPU.Build.0 = Release|Any CPU
		{37A1A378-760C-44BC-B03A-DF83A02D6B0A}.Debug|Any CPU.ActiveCfg = Debug|Any CPU
		{37A1A378-760C-44BC-B03A-DF83A02D6B0A}.Debug|Any CPU.Build.0 = Debug|Any CPU
		{37A1A378-760C-44BC-B03A-DF83A02D6B0A}.Release|Any CPU.ActiveCfg = Release|Any CPU
		{37A1A378-760C-44BC-B03A-DF83A02D6B0A}.Release|Any CPU.Build.0 = Release|Any CPU
	EndGlobalSection
	GlobalSection(SolutionProperties) = preSolution
		HideSolutionNode = FALSE
	EndGlobalSection
	GlobalSection(ExtensibilityGlobals) = postSolution
		SolutionGuid = {D13D6494-ADF5-4A8E-BCE6-6F79B5EF781B}
	EndGlobalSection
EndGlobal
